
Microsoft Visual Studio Solution File, Format Version 12.00
# Visual Studio 2012
Project("{8BC9CEB8-8B4A-11D0-8D11-00A0C91BC942}") = "Project1", "Project1\Project1.vcxproj", "{98CB4C73-E7A2-4D0B-8CAF-E1E973287013}"
EndProject
Global
	GlobalSection(SolutionConfigurationPlatforms) = preSolution
		Debug|Win32 = Debug|Win32
		Release|Win32 = Release|Win32
	EndGlobalSection
	GlobalSection(ProjectConfigurationPlatforms) = postSolution
		{98CB4C73-E7A2-4D0B-8CAF-E1E973287013}.Debug|Win32.ActiveCfg = Debug|Win32
		{98CB4C73-E7A2-4D0B-8CAF-E1E973287013}.Debug|Win32.Build.0 = Debug|Win32
		{98CB4C73-E7A2-4D0B-8CAF-E1E973287013}.Release|Win32.ActiveCfg = Release|Win32
		{98CB4C73-E7A2-4D0B-8CAF-E1E973287013}.Release|Win32.Build.0 = Release|Win32
	EndGlobalSection
	GlobalSection(SolutionProperties) = preSolution
		HideSolutionNode = FALSE
	EndGlobalSection
EndGlobal
